
Microsoft Visual Studio Solution File, Format Version 12.00
# Visual Studio Version 17
VisualStudioVersion = 17.0.31612.314
MinimumVisualStudioVersion = 10.0.40219.1
Project("{9A19103F-16F7-4668-BE54-9A1E7A4F7556}") = "ValueObject.Domain", "ValueObject.Domain\ValueObject.Domain.csproj", "{BA198103-3FA5-40B2-92D2-8A466B95E073}"
EndProject
Project("{9A19103F-16F7-4668-BE54-9A1E7A4F7556}") = "ValueObject.Tests", "ValueObject.Tests\ValueObject.Tests.csproj", "{25377C1F-7432-44EC-842B-D355B38506AA}"
EndProject
Project("{FAE04EC0-301F-11D3-BF4B-00C04F79EFBC}") = "ValueObject.Console", "ValueObject.Console\ValueObject.Console.csproj", "{02317C17-5636-4875-84B0-E8A4B6948E74}"
EndProject
Global
	GlobalSection(SolutionConfigurationPlatforms) = preSolution
		Debug|Any CPU = Debug|Any CPU
		Release|Any CPU = Release|Any CPU
	EndGlobalSection
	GlobalSection(ProjectConfigurationPlatforms) = postSolution
		{BA198103-3FA5-40B2-92D2-8A466B95E073}.Debug|Any CPU.ActiveCfg = Debug|Any CPU
		{BA198103-3FA5-40B2-92D2-8A466B95E073}.Debug|Any CPU.Build.0 = Debug|Any CPU
		{BA198103-3FA5-40B2-92D2-8A466B95E073}.Release|Any CPU.ActiveCfg = Release|Any CPU
		{BA198103-3FA5-40B2-92D2-8A466B95E073}.Release|Any CPU.Build.0 = Release|Any CPU
		{25377C1F-7432-44EC-842B-D355B38506AA}.Debug|Any CPU.ActiveCfg = Debug|Any CPU
		{25377C1F-7432-44EC-842B-D355B38506AA}.Debug|Any CPU.Build.0 = Debug|Any CPU
		{25377C1F-7432-44EC-842B-D355B38506AA}.Release|Any CPU.ActiveCfg = Release|Any CPU
		{25377C1F-7432-44EC-842B-D355B38506AA}.Release|Any CPU.Build.0 = Release|Any CPU
		{02317C17-5636-4875-84B0-E8A4B6948E74}.Debug|Any CPU.ActiveCfg = Debug|Any CPU
		{02317C17-5636-4875-84B0-E8A4B6948E74}.Debug|Any CPU.Build.0 = Debug|Any CPU
		{02317C17-5636-4875-84B0-E8A4B6948E74}.Release|Any CPU.ActiveCfg = Release|Any CPU
		{02317C17-5636-4875-84B0-E8A4B6948E74}.Release|Any CPU.Build.0 = Release|Any CPU
	EndGlobalSection
	GlobalSection(SolutionProperties) = preSolution
		HideSolutionNode = FALSE
	EndGlobalSection
	GlobalSection(ExtensibilityGlobals) = postSolution
		SolutionGuid = {F5442DFC-37FB-4004-8D12-6FCA2193ABB4}
	EndGlobalSection
EndGlobal
